// !$*UTF8*$!
{
	archiveVersion = 1;
	classes = {
	};
	objectVersion = 50;
	objects = {

/* Begin PBXBuildFile section */
		3746B85D236F0A1A00BCBD27 /* GoogleSigner.swift in Sources */ = {isa = PBXBuildFile; fileRef = 3746B85C236F0A1A00BCBD27 /* GoogleSigner.swift */; };
		375AC907236CECEE004F3850 /* DragNDropFiles.swift in Sources */ = {isa = PBXBuildFile; fileRef = 375AC906236CECEE004F3850 /* DragNDropFiles.swift */; };
		375AC90E236DBAE6004F3850 /* AppleSigner.swift in Sources */ = {isa = PBXBuildFile; fileRef = 375AC90D236DBAE6004F3850 /* AppleSigner.swift */; };
		377B8DAA23EFB95200750D5F /* jarsigner in Resources */ = {isa = PBXBuildFile; fileRef = 377B8DA723EFB95100750D5F /* jarsigner */; };
		377B8DAB23EFB95200750D5F /* zipalign in Resources */ = {isa = PBXBuildFile; fileRef = 377B8DA823EFB95100750D5F /* zipalign */; };
		377B8DAC23EFB95200750D5F /* apksigner in Resources */ = {isa = PBXBuildFile; fileRef = 377B8DA923EFB95200750D5F /* apksigner */; };
		377B8DAF23F0682C00750D5F /* lib in Resources */ = {isa = PBXBuildFile; fileRef = 377B8DAE23F0682C00750D5F /* lib */; };
		37F19AC9235C9F8D009F8AD6 /* AppDelegate.swift in Sources */ = {isa = PBXBuildFile; fileRef = 37F19AC8235C9F8D009F8AD6 /* AppDelegate.swift */; };
		37F19ACB235C9F8D009F8AD6 /* ArchiveViewController.swift in Sources */ = {isa = PBXBuildFile; fileRef = 37F19ACA235C9F8D009F8AD6 /* ArchiveViewController.swift */; };
		37F19ACD235C9F8E009F8AD6 /* Assets.xcassets in Resources */ = {isa = PBXBuildFile; fileRef = 37F19ACC235C9F8E009F8AD6 /* Assets.xcassets */; };
		37F19AD0235C9F8E009F8AD6 /* Main.storyboard in Resources */ = {isa = PBXBuildFile; fileRef = 37F19ACE235C9F8E009F8AD6 /* Main.storyboard */; };
		37F19AE9235CA146009F8AD6 /* IpaViewContrroller.swift in Sources */ = {isa = PBXBuildFile; fileRef = 37F19AE8235CA146009F8AD6 /* IpaViewContrroller.swift */; };
		37F19AEC235CA1F9009F8AD6 /* ApkViewController.swift in Sources */ = {isa = PBXBuildFile; fileRef = 37F19AEA235CA1F9009F8AD6 /* ApkViewController.swift */; };
		37F19AEF235CA519009F8AD6 /* exportOptions.plist in Resources */ = {isa = PBXBuildFile; fileRef = 37F19AEE235CA519009F8AD6 /* exportOptions.plist */; };
/* End PBXBuildFile section */

/* Begin PBXFileReference section */
		3746B85C236F0A1A00BCBD27 /* GoogleSigner.swift */ = {isa = PBXFileReference; lastKnownFileType = sourcecode.swift; path = GoogleSigner.swift; sourceTree = "<group>"; };
		375AC906236CECEE004F3850 /* DragNDropFiles.swift */ = {isa = PBXFileReference; lastKnownFileType = sourcecode.swift; path = DragNDropFiles.swift; sourceTree = "<group>"; };
		375AC90D236DBAE6004F3850 /* AppleSigner.swift */ = {isa = PBXFileReference; lastKnownFileType = sourcecode.swift; path = AppleSigner.swift; sourceTree = "<group>"; };
		377B8DA723EFB95100750D5F /* jarsigner */ = {isa = PBXFileReference; lastKnownFileType = "compiled.mach-o.executable"; name = jarsigner; path = ../Snap/JAVATools/jarsigner; sourceTree = "<group>"; };
		377B8DA823EFB95100750D5F /* zipalign */ = {isa = PBXFileReference; lastKnownFileType = "compiled.mach-o.executable"; name = zipalign; path = ../Snap/JAVATools/zipalign; sourceTree = "<group>"; };
		377B8DA923EFB95200750D5F /* apksigner */ = {isa = PBXFileReference; fileEncoding = 4; lastKnownFileType = text.script.sh; name = apksigner; path = ../Snap/JAVATools/apksigner; sourceTree = "<group>"; };
		377B8DAE23F0682C00750D5F /* lib */ = {isa = PBXFileReference; fileEncoding = 4; lastKnownFileType = text; name = lib; path = Snap/JAVATools/lib; sourceTree = SOURCE_ROOT; };
		37F19AC5235C9F8D009F8AD6 /* Snap.app */ = {isa = PBXFileReference; explicitFileType = wrapper.application; includeInIndex = 0; path = Snap.app; sourceTree = BUILT_PRODUCTS_DIR; };
		37F19AC8235C9F8D009F8AD6 /* AppDelegate.swift */ = {isa = PBXFileReference; lastKnownFileType = sourcecode.swift; path = AppDelegate.swift; sourceTree = "<group>"; };
		37F19ACA235C9F8D009F8AD6 /* ArchiveViewController.swift */ = {isa = PBXFileReference; lastKnownFileType = sourcecode.swift; path = ArchiveViewController.swift; sourceTree = "<group>"; };
		37F19ACC235C9F8E009F8AD6 /* Assets.xcassets */ = {isa = PBXFileReference; lastKnownFileType = folder.assetcatalog; path = Assets.xcassets; sourceTree = "<group>"; };
		37F19ACF235C9F8E009F8AD6 /* Base */ = {isa = PBXFileReference; lastKnownFileType = file.storyboard; name = Base; path = Base.lproj/Main.storyboard; sourceTree = "<group>"; };
		37F19AD1235C9F8E009F8AD6 /* Info.plist */ = {isa = PBXFileReference; lastKnownFileType = text.plist.xml; path = Info.plist; sourceTree = "<group>"; };
		37F19AD2235C9F8E009F8AD6 /* Snap.entitlements */ = {isa = PBXFileReference; lastKnownFileType = text.plist.entitlements; path = Snap.entitlements; sourceTree = "<group>"; };
		37F19AE8235CA146009F8AD6 /* IpaViewContrroller.swift */ = {isa = PBXFileReference; lastKnownFileType = sourcecode.swift; path = IpaViewContrroller.swift; sourceTree = "<group>"; };
		37F19AEA235CA1F9009F8AD6 /* ApkViewController.swift */ = {isa = PBXFileReference; lastKnownFileType = sourcecode.swift; path = ApkViewController.swift; sourceTree = "<group>"; };
		37F19AEE235CA519009F8AD6 /* exportOptions.plist */ = {isa = PBXFileReference; lastKnownFileType = text.plist.xml; path = exportOptions.plist; sourceTree = "<group>"; };
/* End PBXFileReference section */

/* Begin PBXFrameworksBuildPhase section */
		37F19AC2235C9F8D009F8AD6 /* Frameworks */ = {
			isa = PBXFrameworksBuildPhase;
			buildActionMask = 2147483647;
			files = (
			);
			runOnlyForDeploymentPostprocessing = 0;
		};
/* End PBXFrameworksBuildPhase section */

/* Begin PBXGroup section */
		375AC90A236CF0B2004F3850 /* DragDroppers */ = {
			isa = PBXGroup;
			children = (
				375AC906236CECEE004F3850 /* DragNDropFiles.swift */,
			);
			path = DragDroppers;
			sourceTree = "<group>";
		};
		377B8DAD23EFB95700750D5F /* JavaTools */ = {
			isa = PBXGroup;
			children = (
				377B8DAE23F0682C00750D5F /* lib */,
				377B8DA923EFB95200750D5F /* apksigner */,
				377B8DA723EFB95100750D5F /* jarsigner */,
				377B8DA823EFB95100750D5F /* zipalign */,
			);
			path = JavaTools;
			sourceTree = "<group>";
		};
		37F19ABC235C9F8D009F8AD6 = {
			isa = PBXGroup;
			children = (
				377B8DAD23EFB95700750D5F /* JavaTools */,
				37F19AC7235C9F8D009F8AD6 /* Snap */,
				37F19AC6235C9F8D009F8AD6 /* Products */,
			);
			sourceTree = "<group>";
		};
		37F19AC6235C9F8D009F8AD6 /* Products */ = {
			isa = PBXGroup;
			children = (
				37F19AC5235C9F8D009F8AD6 /* Snap.app */,
			);
			name = Products;
			sourceTree = "<group>";
		};
		37F19AC7235C9F8D009F8AD6 /* Snap */ = {
			isa = PBXGroup;
			children = (
				375AC90A236CF0B2004F3850 /* DragDroppers */,
				37F19AF0235E1C4C009F8AD6 /* Signers */,
				37F19AE7235CA108009F8AD6 /* Google */,
				37F19AE6235CA0FE009F8AD6 /* Apple */,
				37F19AC8235C9F8D009F8AD6 /* AppDelegate.swift */,
				37F19ACC235C9F8E009F8AD6 /* Assets.xcassets */,
				37F19ACE235C9F8E009F8AD6 /* Main.storyboard */,
				37F19AD1235C9F8E009F8AD6 /* Info.plist */,
				37F19AD2235C9F8E009F8AD6 /* Snap.entitlements */,
				37F19AEE235CA519009F8AD6 /* exportOptions.plist */,
			);
			path = Snap;
			sourceTree = "<group>";
		};
		37F19AE6235CA0FE009F8AD6 /* Apple */ = {
			isa = PBXGroup;
			children = (
				37F19ACA235C9F8D009F8AD6 /* ArchiveViewController.swift */,
				37F19AE8235CA146009F8AD6 /* IpaViewContrroller.swift */,
			);
			path = Apple;
			sourceTree = "<group>";
		};
		37F19AE7235CA108009F8AD6 /* Google */ = {
			isa = PBXGroup;
			children = (
				37F19AEA235CA1F9009F8AD6 /* ApkViewController.swift */,
			);
			path = Google;
			sourceTree = "<group>";
		};
		37F19AF0235E1C4C009F8AD6 /* Signers */ = {
			isa = PBXGroup;
			children = (
				375AC90D236DBAE6004F3850 /* AppleSigner.swift */,
				3746B85C236F0A1A00BCBD27 /* GoogleSigner.swift */,
			);
			path = Signers;
			sourceTree = "<group>";
		};
/* End PBXGroup section */

/* Begin PBXNativeTarget section */
		37F19AC4235C9F8D009F8AD6 /* Snap */ = {
			isa = PBXNativeTarget;
			buildConfigurationList = 37F19AE0235C9F8F009F8AD6 /* Build configuration list for PBXNativeTarget "Snap" */;
			buildPhases = (
				37F19AC1235C9F8D009F8AD6 /* Sources */,
				37F19AC2235C9F8D009F8AD6 /* Frameworks */,
				37F19AC3235C9F8D009F8AD6 /* Resources */,
			);
			buildRules = (
			);
			dependencies = (
			);
			name = Snap;
			productName = Snap;
			productReference = 37F19AC5235C9F8D009F8AD6 /* Snap.app */;
			productType = "com.apple.product-type.application";
		};
/* End PBXNativeTarget section */

/* Begin PBXProject section */
		37F19ABD235C9F8D009F8AD6 /* Project object */ = {
			isa = PBXProject;
			attributes = {
				LastSwiftUpdateCheck = 1030;
				LastUpgradeCheck = 1120;
				ORGANIZATIONNAME = "Scott, Christopher A";
				TargetAttributes = {
					37F19AC4235C9F8D009F8AD6 = {
						CreatedOnToolsVersion = 10.3;
						SystemCapabilities = {
							com.apple.Sandbox = {
								enabled = 0;
							};
						};
					};
				};
			};
			buildConfigurationList = 37F19AC0235C9F8D009F8AD6 /* Build configuration list for PBXProject "Snap" */;
			compatibilityVersion = "Xcode 9.3";
			developmentRegion = en;
			hasScannedForEncodings = 0;
			knownRegions = (
				en,
				Base,
			);
			mainGroup = 37F19ABC235C9F8D009F8AD6;
			productRefGroup = 37F19AC6235C9F8D009F8AD6 /* Products */;
			projectDirPath = "";
			projectRoot = "";
			targets = (
				37F19AC4235C9F8D009F8AD6 /* Snap */,
			);
		};
/* End PBXProject section */

/* Begin PBXResourcesBuildPhase section */
		37F19AC3235C9F8D009F8AD6 /* Resources */ = {
			isa = PBXResourcesBuildPhase;
			buildActionMask = 2147483647;
			files = (
				37F19ACD235C9F8E009F8AD6 /* Assets.xcassets in Resources */,
				377B8DAC23EFB95200750D5F /* apksigner in Resources */,
				37F19AEF235CA519009F8AD6 /* exportOptions.plist in Resources */,
				377B8DAA23EFB95200750D5F /* jarsigner in Resources */,
				377B8DAF23F0682C00750D5F /* lib in Resources */,
				377B8DAB23EFB95200750D5F /* zipalign in Resources */,
				37F19AD0235C9F8E009F8AD6 /* Main.storyboard in Resources */,
			);
			runOnlyForDeploymentPostprocessing = 0;
		};
/* End PBXResourcesBuildPhase section */

/* Begin PBXSourcesBuildPhase section */
		37F19AC1235C9F8D009F8AD6 /* Sources */ = {
			isa = PBXSourcesBuildPhase;
			buildActionMask = 2147483647;
			files = (
				37F19AE9235CA146009F8AD6 /* IpaViewContrroller.swift in Sources */,
				375AC907236CECEE004F3850 /* DragNDropFiles.swift in Sources */,
				37F19AEC235CA1F9009F8AD6 /* ApkViewController.swift in Sources */,
				375AC90E236DBAE6004F3850 /* AppleSigner.swift in Sources */,
				37F19ACB235C9F8D009F8AD6 /* ArchiveViewController.swift in Sources */,
				3746B85D236F0A1A00BCBD27 /* GoogleSigner.swift in Sources */,
				37F19AC9235C9F8D009F8AD6 /* AppDelegate.swift in Sources */,
			);
			runOnlyForDeploymentPostprocessing = 0;
		};
/* End PBXSourcesBuildPhase section */

/* Begin PBXVariantGroup section */
		37F19ACE235C9F8E009F8AD6 /* Main.storyboard */ = {
			isa = PBXVariantGroup;
			children = (
				37F19ACF235C9F8E009F8AD6 /* Base */,
			);
			name = Main.storyboard;
			sourceTree = "<group>";
		};
/* End PBXVariantGroup section */

/* Begin XCBuildConfiguration section */
		37F19ADE235C9F8F009F8AD6 /* Debug */ = {
			isa = XCBuildConfiguration;
			buildSettings = {
				ALWAYS_SEARCH_USER_PATHS = NO;
				CLANG_ANALYZER_NONNULL = YES;
				CLANG_ANALYZER_NUMBER_OBJECT_CONVERSION = YES_AGGRESSIVE;
				CLANG_CXX_LANGUAGE_STANDARD = "gnu++14";
				CLANG_CXX_LIBRARY = "libc++";
				CLANG_ENABLE_MODULES = YES;
				CLANG_ENABLE_OBJC_ARC = YES;
				CLANG_ENABLE_OBJC_WEAK = YES;
				CLANG_WARN_BLOCK_CAPTURE_AUTORELEASING = YES;
				CLANG_WARN_BOOL_CONVERSION = YES;
				CLANG_WARN_COMMA = YES;
				CLANG_WARN_CONSTANT_CONVERSION = YES;
				CLANG_WARN_DEPRECATED_OBJC_IMPLEMENTATIONS = YES;
				CLANG_WARN_DIRECT_OBJC_ISA_USAGE = YES_ERROR;
				CLANG_WARN_DOCUMENTATION_COMMENTS = YES;
				CLANG_WARN_EMPTY_BODY = YES;
				CLANG_WARN_ENUM_CONVERSION = YES;
				CLANG_WARN_INFINITE_RECURSION = YES;
				CLANG_WARN_INT_CONVERSION = YES;
				CLANG_WARN_NON_LITERAL_NULL_CONVERSION = YES;
				CLANG_WARN_OBJC_IMPLICIT_RETAIN_SELF = YES;
				CLANG_WARN_OBJC_LITERAL_CONVERSION = YES;
				CLANG_WARN_OBJC_ROOT_CLASS = YES_ERROR;
				CLANG_WARN_RANGE_LOOP_ANALYSIS = YES;
				CLANG_WARN_STRICT_PROTOTYPES = YES;
				CLANG_WARN_SUSPICIOUS_MOVE = YES;
				CLANG_WARN_UNGUARDED_AVAILABILITY = YES_AGGRESSIVE;
				CLANG_WARN_UNREACHABLE_CODE = YES;
				CLANG_WARN__DUPLICATE_METHOD_MATCH = YES;
				CODE_SIGN_IDENTITY = "Mac Developer";
				COPY_PHASE_STRIP = NO;
				DEBUG_INFORMATION_FORMAT = dwarf;
				ENABLE_STRICT_OBJC_MSGSEND = YES;
				ENABLE_TESTABILITY = YES;
				GCC_C_LANGUAGE_STANDARD = gnu11;
				GCC_DYNAMIC_NO_PIC = NO;
				GCC_NO_COMMON_BLOCKS = YES;
				GCC_OPTIMIZATION_LEVEL = 0;
				GCC_PREPROCESSOR_DEFINITIONS = (
					"DEBUG=1",
					"$(inherited)",
				);
				GCC_WARN_64_TO_32_BIT_CONVERSION = YES;
				GCC_WARN_ABOUT_RETURN_TYPE = YES_ERROR;
				GCC_WARN_UNDECLARED_SELECTOR = YES;
				GCC_WARN_UNINITIALIZED_AUTOS = YES_AGGRESSIVE;
				GCC_WARN_UNUSED_FUNCTION = YES;
				GCC_WARN_UNUSED_VARIABLE = YES;
				MACOSX_DEPLOYMENT_TARGET = 10.14;
				MTL_ENABLE_DEBUG_INFO = INCLUDE_SOURCE;
				MTL_FAST_MATH = YES;
				ONLY_ACTIVE_ARCH = YES;
				PRODUCT_NAME = Snap;
				SDKROOT = macosx;
				SWIFT_ACTIVE_COMPILATION_CONDITIONS = DEBUG;
				SWIFT_OPTIMIZATION_LEVEL = "-Onone";
			};
			name = Debug;
		};
		37F19ADF235C9F8F009F8AD6 /* Release */ = {
			isa = XCBuildConfiguration;
			buildSettings = {
				ALWAYS_SEARCH_USER_PATHS = NO;
				CLANG_ANALYZER_NONNULL = YES;
				CLANG_ANALYZER_NUMBER_OBJECT_CONVERSION = YES_AGGRESSIVE;
				CLANG_CXX_LANGUAGE_STANDARD = "gnu++14";
				CLANG_CXX_LIBRARY = "libc++";
				CLANG_ENABLE_MODULES = YES;
				CLANG_ENABLE_OBJC_ARC = YES;
				CLANG_ENABLE_OBJC_WEAK = YES;
				CLANG_WARN_BLOCK_CAPTURE_AUTORELEASING = YES;
				CLANG_WARN_BOOL_CONVERSION = YES;
				CLANG_WARN_COMMA = YES;
				CLANG_WARN_CONSTANT_CONVERSION = YES;
				CLANG_WARN_DEPRECATED_OBJC_IMPLEMENTATIONS = YES;
				CLANG_WARN_DIRECT_OBJC_ISA_USAGE = YES_ERROR;
				CLANG_WARN_DOCUMENTATION_COMMENTS = YES;
				CLANG_WARN_EMPTY_BODY = YES;
				CLANG_WARN_ENUM_CONVERSION = YES;
				CLANG_WARN_INFINITE_RECURSION = YES;
				CLANG_WARN_INT_CONVERSION = YES;
				CLANG_WARN_NON_LITERAL_NULL_CONVERSION = YES;
				CLANG_WARN_OBJC_IMPLICIT_RETAIN_SELF = YES;
				CLANG_WARN_OBJC_LITERAL_CONVERSION = YES;
				CLANG_WARN_OBJC_ROOT_CLASS = YES_ERROR;
				CLANG_WARN_RANGE_LOOP_ANALYSIS = YES;
				CLANG_WARN_STRICT_PROTOTYPES = YES;
				CLANG_WARN_SUSPICIOUS_MOVE = YES;
				CLANG_WARN_UNGUARDED_AVAILABILITY = YES_AGGRESSIVE;
				CLANG_WARN_UNREACHABLE_CODE = YES;
				CLANG_WARN__DUPLICATE_METHOD_MATCH = YES;
				CODE_SIGN_IDENTITY = "Mac Developer";
				COPY_PHASE_STRIP = NO;
				DEBUG_INFORMATION_FORMAT = "dwarf-with-dsym";
				ENABLE_NS_ASSERTIONS = NO;
				ENABLE_STRICT_OBJC_MSGSEND = YES;
				GCC_C_LANGUAGE_STANDARD = gnu11;
				GCC_NO_COMMON_BLOCKS = YES;
				GCC_WARN_64_TO_32_BIT_CONVERSION = YES;
				GCC_WARN_ABOUT_RETURN_TYPE = YES_ERROR;
				GCC_WARN_UNDECLARED_SELECTOR = YES;
				GCC_WARN_UNINITIALIZED_AUTOS = YES_AGGRESSIVE;
				GCC_WARN_UNUSED_FUNCTION = YES;
				GCC_WARN_UNUSED_VARIABLE = YES;
				MACOSX_DEPLOYMENT_TARGET = 10.14;
				MTL_ENABLE_DEBUG_INFO = NO;
				MTL_FAST_MATH = YES;
				PRODUCT_NAME = Snap;
				SDKROOT = macosx;
				SWIFT_COMPILATION_MODE = wholemodule;
				SWIFT_OPTIMIZATION_LEVEL = "-O";
			};
			name = Release;
		};
		37F19AE1235C9F8F009F8AD6 /* Debug */ = {
			isa = XCBuildConfiguration;
			buildSettings = {
				ASSETCATALOG_COMPILER_APPICON_NAME = AppIcon;
				CODE_SIGN_IDENTITY = "-";
				CODE_SIGN_STYLE = Automatic;
				COMBINE_HIDPI_IMAGES = YES;
				DEVELOPMENT_TEAM = P9M6497XS6;
				INFOPLIST_FILE = Snap/Info.plist;
				LD_RUNPATH_SEARCH_PATHS = (
					"$(inherited)",
					"@executable_path/../Frameworks",
				);
				MACOSX_DEPLOYMENT_TARGET = 10.12;
				MARKETING_VERSION = 0.1.1;
				PRODUCT_BUNDLE_IDENTIFIER = com.snap.mac.snap;
				PRODUCT_NAME = Snap;
				SWIFT_VERSION = 5.0;
			};
			name = Debug;
		};
		37F19AE2235C9F8F009F8AD6 /* Release */ = {
			isa = XCBuildConfiguration;
			buildSettings = {
				ASSETCATALOG_COMPILER_APPICON_NAME = AppIcon;
				CODE_SIGN_IDENTITY = "-";
				CODE_SIGN_STYLE = Automatic;
				COMBINE_HIDPI_IMAGES = YES;
				DEVELOPMENT_TEAM = P9M6497XS6;
				INFOPLIST_FILE = Snap/Info.plist;
				LD_RUNPATH_SEARCH_PATHS = (
					"$(inherited)",
					"@executable_path/../Frameworks",
				);
				MACOSX_DEPLOYMENT_TARGET = 10.12;
				MARKETING_VERSION = 0.1.1;
				PRODUCT_BUNDLE_IDENTIFIER = com.snap.mac.snap;
				PRODUCT_NAME = Snap;
				SWIFT_VERSION = 5.0;
			};
			name = Release;
		};
/* End XCBuildConfiguration section */

/* Begin XCConfigurationList section */
		37F19AC0235C9F8D009F8AD6 /* Build configuration list for PBXProject "Snap" */ = {
			isa = XCConfigurationList;
			buildConfigurations = (
				37F19ADE235C9F8F009F8AD6 /* Debug */,
				37F19ADF235C9F8F009F8AD6 /* Release */,
			);
			defaultConfigurationIsVisible = 0;
			defaultConfigurationName = Release;
		};
		37F19AE0235C9F8F009F8AD6 /* Build configuration list for PBXNativeTarget "Snap" */ = {
			isa = XCConfigurationList;
			buildConfigurations = (
				37F19AE1235C9F8F009F8AD6 /* Debug */,
				37F19AE2235C9F8F009F8AD6 /* Release */,
			);
			defaultConfigurationIsVisible = 0;
			defaultConfigurationName = Release;
		};
/* End XCConfigurationList section */
	};
	rootObject = 37F19ABD235C9F8D009F8AD6 /* Project object */;
}
